// !$*UTF8*$!
{
	archiveVersion = 1;
	classes = {
	};
	objectVersion = 46;
	objects = {

/* Begin PBXBuildFile section */
		EC5D7D9F1F154D9100A6C0A0 /* AppDelegate.swift in Sources */ = {isa = PBXBuildFile; fileRef = EC5D7D9E1F154D9100A6C0A0 /* AppDelegate.swift */; };
		EC5D7DA11F154D9100A6C0A0 /* ViewController.swift in Sources */ = {isa = PBXBuildFile; fileRef = EC5D7DA01F154D9100A6C0A0 /* ViewController.swift */; };
		EC5D7DA41F154D9100A6C0A0 /* Main.storyboard in Resources */ = {isa = PBXBuildFile; fileRef = EC5D7DA21F154D9100A6C0A0 /* Main.storyboard */; };
		EC5D7DA71F154D9100A6C0A0 /* Wiko_s_Weather_App.xcdatamodeld in Sources */ = {isa = PBXBuildFile; fileRef = EC5D7DA51F154D9100A6C0A0 /* Wiko_s_Weather_App.xcdatamodeld */; };
		EC5D7DA91F154D9100A6C0A0 /* Assets.xcassets in Resources */ = {isa = PBXBuildFile; fileRef = EC5D7DA81F154D9100A6C0A0 /* Assets.xcassets */; };
		EC5D7DAC1F154D9100A6C0A0 /* LaunchScreen.storyboard in Resources */ = {isa = PBXBuildFile; fileRef = EC5D7DAA1F154D9100A6C0A0 /* LaunchScreen.storyboard */; };
		EC5D7DB71F154D9100A6C0A0 /* Wiko_s_Weather_AppTests.swift in Sources */ = {isa = PBXBuildFile; fileRef = EC5D7DB61F154D9100A6C0A0 /* Wiko_s_Weather_AppTests.swift */; };
		EC5D7DC21F154D9100A6C0A0 /* Wiko_s_Weather_AppUITests.swift in Sources */ = {isa = PBXBuildFile; fileRef = EC5D7DC11F154D9100A6C0A0 /* Wiko_s_Weather_AppUITests.swift */; };
		ECD3073E1F15841100E79D6E /* WeatherService.swift in Sources */ = {isa = PBXBuildFile; fileRef = ECD3073D1F15841100E79D6E /* WeatherService.swift */; };
		ECD307401F159FEF00E79D6E /* Weather.swift in Sources */ = {isa = PBXBuildFile; fileRef = ECD3073F1F159FEF00E79D6E /* Weather.swift */; };
		ECD307441F16EBC400E79D6E /* SwiftyJSON.swift in Sources */ = {isa = PBXBuildFile; fileRef = ECD307431F16EBC400E79D6E /* SwiftyJSON.swift */; };
/* End PBXBuildFile section */

/* Begin PBXContainerItemProxy section */
		EC5D7DB31F154D9100A6C0A0 /* PBXContainerItemProxy */ = {
			isa = PBXContainerItemProxy;
			containerPortal = EC5D7D931F154D9100A6C0A0 /* Project object */;
			proxyType = 1;
			remoteGlobalIDString = EC5D7D9A1F154D9100A6C0A0;
			remoteInfo = "Wiko's Weather App";
		};
		EC5D7DBE1F154D9100A6C0A0 /* PBXContainerItemProxy */ = {
			isa = PBXContainerItemProxy;
			containerPortal = EC5D7D931F154D9100A6C0A0 /* Project object */;
			proxyType = 1;
			remoteGlobalIDString = EC5D7D9A1F154D9100A6C0A0;
			remoteInfo = "Wiko's Weather App";
		};
/* End PBXContainerItemProxy section */

/* Begin PBXFileReference section */
		EC5D7D9B1F154D9100A6C0A0 /* Wiko's Weather App.app */ = {isa = PBXFileReference; explicitFileType = wrapper.application; includeInIndex = 0; path = "Wiko's Weather App.app"; sourceTree = BUILT_PRODUCTS_DIR; };
		EC5D7D9E1F154D9100A6C0A0 /* AppDelegate.swift */ = {isa = PBXFileReference; lastKnownFileType = sourcecode.swift; path = AppDelegate.swift; sourceTree = "<group>"; };
		EC5D7DA01F154D9100A6C0A0 /* ViewController.swift */ = {isa = PBXFileReference; lastKnownFileType = sourcecode.swift; path = ViewController.swift; sourceTree = "<group>"; };
		EC5D7DA31F154D9100A6C0A0 /* Base */ = {isa = PBXFileReference; lastKnownFileType = file.storyboard; name = Base; path = Base.lproj/Main.storyboard; sourceTree = "<group>"; };
		EC5D7DA61F154D9100A6C0A0 /* Wiko_s_Weather_App.xcdatamodel */ = {isa = PBXFileReference; lastKnownFileType = wrapper.xcdatamodel; path = Wiko_s_Weather_App.xcdatamodel; sourceTree = "<group>"; };
		EC5D7DA81F154D9100A6C0A0 /* Assets.xcassets */ = {isa = PBXFileReference; lastKnownFileType = folder.assetcatalog; path = Assets.xcassets; sourceTree = "<group>"; };
		EC5D7DAB1F154D9100A6C0A0 /* Base */ = {isa = PBXFileReference; lastKnownFileType = file.storyboard; name = Base; path = Base.lproj/LaunchScreen.storyboard; sourceTree = "<group>"; };
		EC5D7DAD1F154D9100A6C0A0 /* Info.plist */ = {isa = PBXFileReference; lastKnownFileType = text.plist.xml; path = Info.plist; sourceTree = "<group>"; };
		EC5D7DB21F154D9100A6C0A0 /* Wiko's Weather AppTests.xctest */ = {isa = PBXFileReference; explicitFileType = wrapper.cfbundle; includeInIndex = 0; path = "Wiko's Weather AppTests.xctest"; sourceTree = BUILT_PRODUCTS_DIR; };
		EC5D7DB61F154D9100A6C0A0 /* Wiko_s_Weather_AppTests.swift */ = {isa = PBXFileReference; lastKnownFileType = sourcecode.swift; path = Wiko_s_Weather_AppTests.swift; sourceTree = "<group>"; };
		EC5D7DB81F154D9100A6C0A0 /* Info.plist */ = {isa = PBXFileReference; lastKnownFileType = text.plist.xml; path = Info.plist; sourceTree = "<group>"; };
		EC5D7DBD1F154D9100A6C0A0 /* Wiko's Weather AppUITests.xctest */ = {isa = PBXFileReference; explicitFileType = wrapper.cfbundle; includeInIndex = 0; path = "Wiko's Weather AppUITests.xctest"; sourceTree = BUILT_PRODUCTS_DIR; };
		EC5D7DC11F154D9100A6C0A0 /* Wiko_s_Weather_AppUITests.swift */ = {isa = PBXFileReference; lastKnownFileType = sourcecode.swift; path = Wiko_s_Weather_AppUITests.swift; sourceTree = "<group>"; };
		EC5D7DC31F154D9100A6C0A0 /* Info.plist */ = {isa = PBXFileReference; lastKnownFileType = text.plist.xml; path = Info.plist; sourceTree = "<group>"; };
		ECD3073D1F15841100E79D6E /* WeatherService.swift */ = {isa = PBXFileReference; fileEncoding = 4; lastKnownFileType = sourcecode.swift; path = WeatherService.swift; sourceTree = "<group>"; };
		ECD3073F1F159FEF00E79D6E /* Weather.swift */ = {isa = PBXFileReference; fileEncoding = 4; lastKnownFileType = sourcecode.swift; path = Weather.swift; sourceTree = "<group>"; };
		ECD307431F16EBC400E79D6E /* SwiftyJSON.swift */ = {isa = PBXFileReference; fileEncoding = 4; lastKnownFileType = sourcecode.swift; path = SwiftyJSON.swift; sourceTree = "<group>"; };
/* End PBXFileReference section */

/* Begin PBXFrameworksBuildPhase section */
		EC5D7D981F154D9100A6C0A0 /* Frameworks */ = {
			isa = PBXFrameworksBuildPhase;
			buildActionMask = 2147483647;
			files = (
			);
			runOnlyForDeploymentPostprocessing = 0;
		};
		EC5D7DAF1F154D9100A6C0A0 /* Frameworks */ = {
			isa = PBXFrameworksBuildPhase;
			buildActionMask = 2147483647;
			files = (
			);
			runOnlyForDeploymentPostprocessing = 0;
		};
		EC5D7DBA1F154D9100A6C0A0 /* Frameworks */ = {
			isa = PBXFrameworksBuildPhase;
			buildActionMask = 2147483647;
			files = (
			);
			runOnlyForDeploymentPostprocessing = 0;
		};
/* End PBXFrameworksBuildPhase section */

/* Begin PBXGroup section */
		EC5D7D921F154D9100A6C0A0 = {
			isa = PBXGroup;
			children = (
				EC5D7D9D1F154D9100A6C0A0 /* Wiko's Weather App */,
				EC5D7DB51F154D9100A6C0A0 /* Wiko's Weather AppTests */,
				EC5D7DC01F154D9100A6C0A0 /* Wiko's Weather AppUITests */,
				EC5D7D9C1F154D9100A6C0A0 /* Products */,
			);
			sourceTree = "<group>";
		};
		EC5D7D9C1F154D9100A6C0A0 /* Products */ = {
			isa = PBXGroup;
			children = (
				EC5D7D9B1F154D9100A6C0A0 /* Wiko's Weather App.app */,
				EC5D7DB21F154D9100A6C0A0 /* Wiko's Weather AppTests.xctest */,
				EC5D7DBD1F154D9100A6C0A0 /* Wiko's Weather AppUITests.xctest */,
			);
			name = Products;
			sourceTree = "<group>";
		};
		EC5D7D9D1F154D9100A6C0A0 /* Wiko's Weather App */ = {
			isa = PBXGroup;
			children = (
				EC5D7D9E1F154D9100A6C0A0 /* AppDelegate.swift */,
				EC5D7DA01F154D9100A6C0A0 /* ViewController.swift */,
				ECD3073D1F15841100E79D6E /* WeatherService.swift */,
				ECD3073F1F159FEF00E79D6E /* Weather.swift */,
				ECD307431F16EBC400E79D6E /* SwiftyJSON.swift */,
				EC5D7DA21F154D9100A6C0A0 /* Main.storyboard */,
				EC5D7DA81F154D9100A6C0A0 /* Assets.xcassets */,
				EC5D7DAA1F154D9100A6C0A0 /* LaunchScreen.storyboard */,
				EC5D7DAD1F154D9100A6C0A0 /* Info.plist */,
				EC5D7DA51F154D9100A6C0A0 /* Wiko_s_Weather_App.xcdatamodeld */,
			);
			path = "Wiko's Weather App";
			sourceTree = "<group>";
		};
		EC5D7DB51F154D9100A6C0A0 /* Wiko's Weather AppTests */ = {
			isa = PBXGroup;
			children = (
				EC5D7DB61F154D9100A6C0A0 /* Wiko_s_Weather_AppTests.swift */,
				EC5D7DB81F154D9100A6C0A0 /* Info.plist */,
			);
			path = "Wiko's Weather AppTests";
			sourceTree = "<group>";
		};
		EC5D7DC01F154D9100A6C0A0 /* Wiko's Weather AppUITests */ = {
			isa = PBXGroup;
			children = (
				EC5D7DC11F154D9100A6C0A0 /* Wiko_s_Weather_AppUITests.swift */,
				EC5D7DC31F154D9100A6C0A0 /* Info.plist */,
			);
			path = "Wiko's Weather AppUITests";
			sourceTree = "<group>";
		};
/* End PBXGroup section */

/* Begin PBXNativeTarget section */
		EC5D7D9A1F154D9100A6C0A0 /* Wiko's Weather App */ = {
			isa = PBXNativeTarget;
			buildConfigurationList = EC5D7DC61F154D9100A6C0A0 /* Build configuration list for PBXNativeTarget "Wiko's Weather App" */;
			buildPhases = (
				EC5D7D971F154D9100A6C0A0 /* Sources */,
				EC5D7D981F154D9100A6C0A0 /* Frameworks */,
				EC5D7D991F154D9100A6C0A0 /* Resources */,
			);
			buildRules = (
			);
			dependencies = (
			);
			name = "Wiko's Weather App";
			productName = "Wiko's Weather App";
			productReference = EC5D7D9B1F154D9100A6C0A0 /* Wiko's Weather App.app */;
			productType = "com.apple.product-type.application";
		};
		EC5D7DB11F154D9100A6C0A0 /* Wiko's Weather AppTests */ = {
			isa = PBXNativeTarget;
			buildConfigurationList = EC5D7DC91F154D9100A6C0A0 /* Build configuration list for PBXNativeTarget "Wiko's Weather AppTests" */;
			buildPhases = (
				EC5D7DAE1F154D9100A6C0A0 /* Sources */,
				EC5D7DAF1F154D9100A6C0A0 /* Frameworks */,
				EC5D7DB01F154D9100A6C0A0 /* Resources */,
			);
			buildRules = (
			);
			dependencies = (
				EC5D7DB41F154D9100A6C0A0 /* PBXTargetDependency */,
			);
			name = "Wiko's Weather AppTests";
			productName = "Wiko's Weather AppTests";
			productReference = EC5D7DB21F154D9100A6C0A0 /* Wiko's Weather AppTests.xctest */;
			productType = "com.apple.product-type.bundle.unit-test";
		};
		EC5D7DBC1F154D9100A6C0A0 /* Wiko's Weather AppUITests */ = {
			isa = PBXNativeTarget;
			buildConfigurationList = EC5D7DCC1F154D9100A6C0A0 /* Build configuration list for PBXNativeTarget "Wiko's Weather AppUITests" */;
			buildPhases = (
				EC5D7DB91F154D9100A6C0A0 /* Sources */,
				EC5D7DBA1F154D9100A6C0A0 /* Frameworks */,
				EC5D7DBB1F154D9100A6C0A0 /* Resources */,
			);
			buildRules = (
			);
			dependencies = (
				EC5D7DBF1F154D9100A6C0A0 /* PBXTargetDependency */,
			);
			name = "Wiko's Weather AppUITests";
			productName = "Wiko's Weather AppUITests";
			productReference = EC5D7DBD1F154D9100A6C0A0 /* Wiko's Weather AppUITests.xctest */;
			productType = "com.apple.product-type.bundle.ui-testing";
		};
/* End PBXNativeTarget section */

/* Begin PBXProject section */
		EC5D7D931F154D9100A6C0A0 /* Project object */ = {
			isa = PBXProject;
			attributes = {
				LastSwiftUpdateCheck = 0730;
				LastUpgradeCheck = 0730;
				ORGANIZATIONNAME = "Juan De La Rosa";
				TargetAttributes = {
					EC5D7D9A1F154D9100A6C0A0 = {
						CreatedOnToolsVersion = 7.3.1;
					};
					EC5D7DB11F154D9100A6C0A0 = {
						CreatedOnToolsVersion = 7.3.1;
						TestTargetID = EC5D7D9A1F154D9100A6C0A0;
					};
					EC5D7DBC1F154D9100A6C0A0 = {
						CreatedOnToolsVersion = 7.3.1;
						TestTargetID = EC5D7D9A1F154D9100A6C0A0;
					};
				};
			};
			buildConfigurationList = EC5D7D961F154D9100A6C0A0 /* Build configuration list for PBXProject "Wiko's Weather App" */;
			compatibilityVersion = "Xcode 3.2";
			developmentRegion = English;
			hasScannedForEncodings = 0;
			knownRegions = (
				en,
				Base,
			);
			mainGroup = EC5D7D921F154D9100A6C0A0;
			productRefGroup = EC5D7D9C1F154D9100A6C0A0 /* Products */;
			projectDirPath = "";
			projectRoot = "";
			targets = (
				EC5D7D9A1F154D9100A6C0A0 /* Wiko's Weather App */,
				EC5D7DB11F154D9100A6C0A0 /* Wiko's Weather AppTests */,
				EC5D7DBC1F154D9100A6C0A0 /* Wiko's Weather AppUITests */,
			);
		};
/* End PBXProject section */

/* Begin PBXResourcesBuildPhase section */
		EC5D7D991F154D9100A6C0A0 /* Resources */ = {
			isa = PBXResourcesBuildPhase;
			buildActionMask = 2147483647;
			files = (
				EC5D7DAC1F154D9100A6C0A0 /* LaunchScreen.storyboard in Resources */,
				EC5D7DA91F154D9100A6C0A0 /* Assets.xcassets in Resources */,
				EC5D7DA41F154D9100A6C0A0 /* Main.storyboard in Resources */,
			);
			runOnlyForDeploymentPostprocessing = 0;
		};
		EC5D7DB01F154D9100A6C0A0 /* Resources */ = {
			isa = PBXResourcesBuildPhase;
			buildActionMask = 2147483647;
			files = (
			);
			runOnlyForDeploymentPostprocessing = 0;
		};
		EC5D7DBB1F154D9100A6C0A0 /* Resources */ = {
			isa = PBXResourcesBuildPhase;
			buildActionMask = 2147483647;
			files = (
			);
			runOnlyForDeploymentPostprocessing = 0;
		};
/* End PBXResourcesBuildPhase section */

/* Begin PBXSourcesBuildPhase section */
		EC5D7D971F154D9100A6C0A0 /* Sources */ = {
			isa = PBXSourcesBuildPhase;
			buildActionMask = 2147483647;
			files = (
				ECD3073E1F15841100E79D6E /* WeatherService.swift in Sources */,
				EC5D7DA71F154D9100A6C0A0 /* Wiko_s_Weather_App.xcdatamodeld in Sources */,
				EC5D7DA11F154D9100A6C0A0 /* ViewController.swift in Sources */,
				ECD307441F16EBC400E79D6E /* SwiftyJSON.swift in Sources */,
				EC5D7D9F1F154D9100A6C0A0 /* AppDelegate.swift in Sources */,
				ECD307401F159FEF00E79D6E /* Weather.swift in Sources */,
			);
			runOnlyForDeploymentPostprocessing = 0;
		};
		EC5D7DAE1F154D9100A6C0A0 /* Sources */ = {
			isa = PBXSourcesBuildPhase;
			buildActionMask = 2147483647;
			files = (
				EC5D7DB71F154D9100A6C0A0 /* Wiko_s_Weather_AppTests.swift in Sources */,
			);
			runOnlyForDeploymentPostprocessing = 0;
		};
		EC5D7DB91F154D9100A6C0A0 /* Sources */ = {
			isa = PBXSourcesBuildPhase;
			buildActionMask = 2147483647;
			files = (
				EC5D7DC21F154D9100A6C0A0 /* Wiko_s_Weather_AppUITests.swift in Sources */,
			);
			runOnlyForDeploymentPostprocessing = 0;
		};
/* End PBXSourcesBuildPhase section */

/* Begin PBXTargetDependency section */
		EC5D7DB41F154D9100A6C0A0 /* PBXTargetDependency */ = {
			isa = PBXTargetDependency;
			target = EC5D7D9A1F154D9100A6C0A0 /* Wiko's Weather App */;
			targetProxy = EC5D7DB31F154D9100A6C0A0 /* PBXContainerItemProxy */;
		};
		EC5D7DBF1F154D9100A6C0A0 /* PBXTargetDependency */ = {
			isa = PBXTargetDependency;
			target = EC5D7D9A1F154D9100A6C0A0 /* Wiko's Weather App */;
			targetProxy = EC5D7DBE1F154D9100A6C0A0 /* PBXContainerItemProxy */;
		};
/* End PBXTargetDependency section */

/* Begin PBXVariantGroup section */
		EC5D7DA21F154D9100A6C0A0 /* Main.storyboard */ = {
			isa = PBXVariantGroup;
			children = (
				EC5D7DA31F154D9100A6C0A0 /* Base */,
			);
			name = Main.storyboard;
			sourceTree = "<group>";
		};
		EC5D7DAA1F154D9100A6C0A0 /* LaunchScreen.storyboard */ = {
			isa = PBXVariantGroup;
			children = (
				EC5D7DAB1F154D9100A6C0A0 /* Base */,
			);
			name = LaunchScreen.storyboard;
			sourceTree = "<group>";
		};
/* End PBXVariantGroup section */

/* Begin XCBuildConfiguration section */
		EC5D7DC41F154D9100A6C0A0 /* Debug */ = {
			isa = XCBuildConfiguration;
			buildSettings = {
				ALWAYS_SEARCH_USER_PATHS = NO;
				CLANG_ANALYZER_NONNULL = YES;
				CLANG_CXX_LANGUAGE_STANDARD = "gnu++0x";
				CLANG_CXX_LIBRARY = "libc++";
				CLANG_ENABLE_MODULES = YES;
				CLANG_ENABLE_OBJC_ARC = YES;
				CLANG_WARN_BOOL_CONVERSION = YES;
				CLANG_WARN_CONSTANT_CONVERSION = YES;
				CLANG_WARN_DIRECT_OBJC_ISA_USAGE = YES_ERROR;
				CLANG_WARN_EMPTY_BODY = YES;
				CLANG_WARN_ENUM_CONVERSION = YES;
				CLANG_WARN_INT_CONVERSION = YES;
				CLANG_WARN_OBJC_ROOT_CLASS = YES_ERROR;
				CLANG_WARN_UNREACHABLE_CODE = YES;
				CLANG_WARN__DUPLICATE_METHOD_MATCH = YES;
				"CODE_SIGN_IDENTITY[sdk=iphoneos*]" = "iPhone Developer";
				COPY_PHASE_STRIP = NO;
				DEBUG_INFORMATION_FORMAT = dwarf;
				ENABLE_STRICT_OBJC_MSGSEND = YES;
				ENABLE_TESTABILITY = YES;
				GCC_C_LANGUAGE_STANDARD = gnu99;
				GCC_DYNAMIC_NO_PIC = NO;
				GCC_NO_COMMON_BLOCKS = YES;
				GCC_OPTIMIZATION_LEVEL = 0;
				GCC_PREPROCESSOR_DEFINITIONS = (
					"DEBUG=1",
					"$(inherited)",
				);
				GCC_WARN_64_TO_32_BIT_CONVERSION = YES;
				GCC_WARN_ABOUT_RETURN_TYPE = YES_ERROR;
				GCC_WARN_UNDECLARED_SELECTOR = YES;
				GCC_WARN_UNINITIALIZED_AUTOS = YES_AGGRESSIVE;
				GCC_WARN_UNUSED_FUNCTION = YES;
				GCC_WARN_UNUSED_VARIABLE = YES;
				IPHONEOS_DEPLOYMENT_TARGET = 9.3;
				MTL_ENABLE_DEBUG_INFO = YES;
				ONLY_ACTIVE_ARCH = YES;
				SDKROOT = iphoneos;
				SWIFT_OPTIMIZATION_LEVEL = "-Onone";
			};
			name = Debug;
		};
		EC5D7DC51F154D9100A6C0A0 /* Release */ = {
			isa = XCBuildConfiguration;
			buildSettings = {
				ALWAYS_SEARCH_USER_PATHS = NO;
				CLANG_ANALYZER_NONNULL = YES;
				CLANG_CXX_LANGUAGE_STANDARD = "gnu++0x";
				CLANG_CXX_LIBRARY = "libc++";
				CLANG_ENABLE_MODULES = YES;
				CLANG_ENABLE_OBJC_ARC = YES;
				CLANG_WARN_BOOL_CONVERSION = YES;
				CLANG_WARN_CONSTANT_CONVERSION = YES;
				CLANG_WARN_DIRECT_OBJC_ISA_USAGE = YES_ERROR;
				CLANG_WARN_EMPTY_BODY = YES;
				CLANG_WARN_ENUM_CONVERSION = YES;
				CLANG_WARN_INT_CONVERSION = YES;
				CLANG_WARN_OBJC_ROOT_CLASS = YES_ERROR;
				CLANG_WARN_UNREACHABLE_CODE = YES;
				CLANG_WARN__DUPLICATE_METHOD_MATCH = YES;
				"CODE_SIGN_IDENTITY[sdk=iphoneos*]" = "iPhone Developer";
				COPY_PHASE_STRIP = NO;
				DEBUG_INFORMATION_FORMAT = "dwarf-with-dsym";
				ENABLE_NS_ASSERTIONS = NO;
				ENABLE_STRICT_OBJC_MSGSEND = YES;
				GCC_C_LANGUAGE_STANDARD = gnu99;
				GCC_NO_COMMON_BLOCKS = YES;
				GCC_WARN_64_TO_32_BIT_CONVERSION = YES;
				GCC_WARN_ABOUT_RETURN_TYPE = YES_ERROR;
				GCC_WARN_UNDECLARED_SELECTOR = YES;
				GCC_WARN_UNINITIALIZED_AUTOS = YES_AGGRESSIVE;
				GCC_WARN_UNUSED_FUNCTION = YES;
				GCC_WARN_UNUSED_VARIABLE = YES;
				IPHONEOS_DEPLOYMENT_TARGET = 9.3;
				MTL_ENABLE_DEBUG_INFO = NO;
				SDKROOT = iphoneos;
				VALIDATE_PRODUCT = YES;
			};
			name = Release;
		};
		EC5D7DC71F154D9100A6C0A0 /* Debug */ = {
			isa = XCBuildConfiguration;
			buildSettings = {
				ASSETCATALOG_COMPILER_APPICON_NAME = AppIcon;
				INFOPLIST_FILE = "Wiko's Weather App/Info.plist";
				LD_RUNPATH_SEARCH_PATHS = "$(inherited) @executable_path/Frameworks";
				PRODUCT_BUNDLE_IDENTIFIER = "Wiko-Dev.Wiko-s-Weather-App";
				PRODUCT_NAME = "$(TARGET_NAME)";
			};
			name = Debug;
		};
		EC5D7DC81F154D9100A6C0A0 /* Release */ = {
			isa = XCBuildConfiguration;
			buildSettings = {
				ASSETCATALOG_COMPILER_APPICON_NAME = AppIcon;
				INFOPLIST_FILE = "Wiko's Weather App/Info.plist";
				LD_RUNPATH_SEARCH_PATHS = "$(inherited) @executable_path/Frameworks";
				PRODUCT_BUNDLE_IDENTIFIER = "Wiko-Dev.Wiko-s-Weather-App";
				PRODUCT_NAME = "$(TARGET_NAME)";
			};
			name = Release;
		};
		EC5D7DCA1F154D9100A6C0A0 /* Debug */ = {
			isa = XCBuildConfiguration;
			buildSettings = {
				BUNDLE_LOADER = "$(TEST_HOST)";
				INFOPLIST_FILE = "Wiko's Weather AppTests/Info.plist";
				LD_RUNPATH_SEARCH_PATHS = "$(inherited) @executable_path/Frameworks @loader_path/Frameworks";
				PRODUCT_BUNDLE_IDENTIFIER = "Wiko-Dev.Wiko-s-Weather-AppTests";
				PRODUCT_NAME = "$(TARGET_NAME)";
				TEST_HOST = "$(BUILT_PRODUCTS_DIR)/Wiko's Weather App.app/Wiko's Weather App";
			};
			name = Debug;
		};
		EC5D7DCB1F154D9100A6C0A0 /* Release */ = {
			isa = XCBuildConfiguration;
			buildSettings = {
				BUNDLE_LOADER = "$(TEST_HOST)";
				INFOPLIST_FILE = "Wiko's Weather AppTests/Info.plist";
				LD_RUNPATH_SEARCH_PATHS = "$(inherited) @executable_path/Frameworks @loader_path/Frameworks";
				PRODUCT_BUNDLE_IDENTIFIER = "Wiko-Dev.Wiko-s-Weather-AppTests";
				PRODUCT_NAME = "$(TARGET_NAME)";
				TEST_HOST = "$(BUILT_PRODUCTS_DIR)/Wiko's Weather App.app/Wiko's Weather App";
			};
			name = Release;
		};
		EC5D7DCD1F154D9100A6C0A0 /* Debug */ = {
			isa = XCBuildConfiguration;
			buildSettings = {
				INFOPLIST_FILE = "Wiko's Weather AppUITests/Info.plist";
				LD_RUNPATH_SEARCH_PATHS = "$(inherited) @executable_path/Frameworks @loader_path/Frameworks";
				PRODUCT_BUNDLE_IDENTIFIER = "Wiko-Dev.Wiko-s-Weather-AppUITests";
				PRODUCT_NAME = "$(TARGET_NAME)";
				TEST_TARGET_NAME = "Wiko's Weather App";
			};
			name = Debug;
		};
		EC5D7DCE1F154D9100A6C0A0 /* Release */ = {
			isa = XCBuildConfiguration;
			buildSettings = {
				INFOPLIST_FILE = "Wiko's Weather AppUITests/Info.plist";
				LD_RUNPATH_SEARCH_PATHS = "$(inherited) @executable_path/Frameworks @loader_path/Frameworks";
				PRODUCT_BUNDLE_IDENTIFIER = "Wiko-Dev.Wiko-s-Weather-AppUITests";
				PRODUCT_NAME = "$(TARGET_NAME)";
				TEST_TARGET_NAME = "Wiko's Weather App";
			};
			name = Release;
		};
/* End XCBuildConfiguration section */

/* Begin XCConfigurationList section */
		EC5D7D961F154D9100A6C0A0 /* Build configuration list for PBXProject "Wiko's Weather App" */ = {
			isa = XCConfigurationList;
			buildConfigurations = (
				EC5D7DC41F154D9100A6C0A0 /* Debug */,
				EC5D7DC51F154D9100A6C0A0 /* Release */,
			);
			defaultConfigurationIsVisible = 0;
			defaultConfigurationName = Release;
		};
		EC5D7DC61F154D9100A6C0A0 /* Build configuration list for PBXNativeTarget "Wiko's Weather App" */ = {
			isa = XCConfigurationList;
			buildConfigurations = (
				EC5D7DC71F154D9100A6C0A0 /* Debug */,
				EC5D7DC81F154D9100A6C0A0 /* Release */,
			);
			defaultConfigurationIsVisible = 0;
			defaultConfigurationName = Release;
		};
		EC5D7DC91F154D9100A6C0A0 /* Build configuration list for PBXNativeTarget "Wiko's Weather AppTests" */ = {
			isa = XCConfigurationList;
			buildConfigurations = (
				EC5D7DCA1F154D9100A6C0A0 /* Debug */,
				EC5D7DCB1F154D9100A6C0A0 /* Release */,
			);
			defaultConfigurationIsVisible = 0;
			defaultConfigurationName = Release;
		};
		EC5D7DCC1F154D9100A6C0A0 /* Build configuration list for PBXNativeTarget "Wiko's Weather AppUITests" */ = {
			isa = XCConfigurationList;
			buildConfigurations = (
				EC5D7DCD1F154D9100A6C0A0 /* Debug */,
				EC5D7DCE1F154D9100A6C0A0 /* Release */,
			);
			defaultConfigurationIsVisible = 0;
			defaultConfigurationName = Release;
		};
/* End XCConfigurationList section */

/* Begin XCVersionGroup section */
		EC5D7DA51F154D9100A6C0A0 /* Wiko_s_Weather_App.xcdatamodeld */ = {
			isa = XCVersionGroup;
			children = (
				EC5D7DA61F154D9100A6C0A0 /* Wiko_s_Weather_App.xcdatamodel */,
			);
			currentVersion = EC5D7DA61F154D9100A6C0A0 /* Wiko_s_Weather_App.xcdatamodel */;
			path = Wiko_s_Weather_App.xcdatamodeld;
			sourceTree = "<group>";
			versionGroupType = wrapper.xcdatamodel;
		};
/* End XCVersionGroup section */
	};
	rootObject = EC5D7D931F154D9100A6C0A0 /* Project object */;
}
